
Microsoft Visual Studio Solution File, Format Version 12.00
# Visual Studio Version 17
VisualStudioVersion = 17.0.31903.59
MinimumVisualStudioVersion = 10.0.40219.1
Project("{2150E333-8FDC-42A3-9474-1A3956D46DE8}") = "src", "src", "{5F8BC77D-E0BB-4776-BA30-81D47679382F}"
EndProject
Project("{2150E333-8FDC-42A3-9474-1A3956D46DE8}") = "Common", "Common", "{E69D2FD8-F919-4252-A84E-270748092B90}"
EndProject
Project("{FAE04EC0-301F-11D3-BF4B-00C04F79EFBC}") = "Karaoke.Common", "src\Common\Karaoke.Common\Karaoke.Common.csproj", "{F9D710C1-1F70-40A3-ABD3-D62A3BB61B48}"
EndProject
Project("{2150E333-8FDC-42A3-9474-1A3956D46DE8}") = "Library", "Library", "{73B0F8F3-B509-45D9-8280-5DADDA0DCC0E}"
EndProject
Project("{FAE04EC0-301F-11D3-BF4B-00C04F79EFBC}") = "Karaoke.Library", "src\Library\Karaoke.Library\Karaoke.Library.csproj", "{8323D831-5C62-4E2A-82D3-EDD7B56381D0}"
EndProject
Project("{2150E333-8FDC-42A3-9474-1A3956D46DE8}") = "Player", "Player", "{1DFF0C69-5237-4B48-9A32-D0F261B095BB}"
EndProject
Project("{FAE04EC0-301F-11D3-BF4B-00C04F79EFBC}") = "Karaoke.Player", "src\Player\Karaoke.Player\Karaoke.Player.csproj", "{5D45A2B8-D518-4EFC-91D9-F73304F449C7}"
EndProject
Project("{2150E333-8FDC-42A3-9474-1A3956D46DE8}") = "UI", "UI", "{70B18AD4-4275-4B78-BC49-67607D012C59}"
EndProject
Project("{FAE04EC0-301F-11D3-BF4B-00C04F79EFBC}") = "Karaoke.UI", "src\UI\Karaoke.UI\Karaoke.UI.csproj", "{C35096FD-407D-4732-AF71-1E5A50D46CE8}"
EndProject
Project("{2150E333-8FDC-42A3-9474-1A3956D46DE8}") = "tests", "tests", "{FE2DE525-0530-411F-B0C5-A895D15C5F69}"
EndProject
Project("{2150E333-8FDC-42A3-9474-1A3956D46DE8}") = "Common", "Common", "{6CEA128A-DC4D-4F2A-B395-1BF5D754B62D}"
EndProject
Project("{2150E333-8FDC-42A3-9474-1A3956D46DE8}") = "Library", "Library", "{1B3E4CD9-1CB8-4021-8B2A-05D402F893ED}"
EndProject
Project("{FAE04EC0-301F-11D3-BF4B-00C04F79EFBC}") = "Karaoke.Library.Tests", "tests\Library\Karaoke.Library.Tests\Karaoke.Library.Tests.csproj", "{913ADFDE-AB17-4F27-9FBE-ED41D6DF19CF}"
EndProject
Project("{2150E333-8FDC-42A3-9474-1A3956D46DE8}") = "Player", "Player", "{DC020EA8-D979-4C30-8D86-A09A5E5ACBF2}"
EndProject
Project("{FAE04EC0-301F-11D3-BF4B-00C04F79EFBC}") = "Karaoke.Player.Tests", "tests\Player\Karaoke.Player.Tests\Karaoke.Player.Tests.csproj", "{83C9EB6D-83D8-468C-B7F5-4F598B3A8B1C}"
EndProject
Global
	GlobalSection(SolutionConfigurationPlatforms) = preSolution
		Debug|Any CPU = Debug|Any CPU
		Release|Any CPU = Release|Any CPU
	EndGlobalSection
	GlobalSection(ProjectConfigurationPlatforms) = postSolution
		{F9D710C1-1F70-40A3-ABD3-D62A3BB61B48}.Debug|Any CPU.ActiveCfg = Debug|Any CPU
		{F9D710C1-1F70-40A3-ABD3-D62A3BB61B48}.Debug|Any CPU.Build.0 = Debug|Any CPU
		{F9D710C1-1F70-40A3-ABD3-D62A3BB61B48}.Release|Any CPU.ActiveCfg = Release|Any CPU
		{F9D710C1-1F70-40A3-ABD3-D62A3BB61B48}.Release|Any CPU.Build.0 = Release|Any CPU
		{8323D831-5C62-4E2A-82D3-EDD7B56381D0}.Debug|Any CPU.ActiveCfg = Debug|Any CPU
		{8323D831-5C62-4E2A-82D3-EDD7B56381D0}.Debug|Any CPU.Build.0 = Debug|Any CPU
		{8323D831-5C62-4E2A-82D3-EDD7B56381D0}.Release|Any CPU.ActiveCfg = Release|Any CPU
		{8323D831-5C62-4E2A-82D3-EDD7B56381D0}.Release|Any CPU.Build.0 = Release|Any CPU
		{5D45A2B8-D518-4EFC-91D9-F73304F449C7}.Debug|Any CPU.ActiveCfg = Debug|Any CPU
		{5D45A2B8-D518-4EFC-91D9-F73304F449C7}.Debug|Any CPU.Build.0 = Debug|Any CPU
		{5D45A2B8-D518-4EFC-91D9-F73304F449C7}.Release|Any CPU.ActiveCfg = Release|Any CPU
		{5D45A2B8-D518-4EFC-91D9-F73304F449C7}.Release|Any CPU.Build.0 = Release|Any CPU
		{C35096FD-407D-4732-AF71-1E5A50D46CE8}.Debug|Any CPU.ActiveCfg = Debug|x64
		{C35096FD-407D-4732-AF71-1E5A50D46CE8}.Debug|Any CPU.Build.0 = Debug|x64
		{C35096FD-407D-4732-AF71-1E5A50D46CE8}.Release|Any CPU.ActiveCfg = Release|x86
		{C35096FD-407D-4732-AF71-1E5A50D46CE8}.Release|Any CPU.Build.0 = Release|x86
		{913ADFDE-AB17-4F27-9FBE-ED41D6DF19CF}.Debug|Any CPU.ActiveCfg = Debug|Any CPU
		{913ADFDE-AB17-4F27-9FBE-ED41D6DF19CF}.Debug|Any CPU.Build.0 = Debug|Any CPU
		{913ADFDE-AB17-4F27-9FBE-ED41D6DF19CF}.Release|Any CPU.ActiveCfg = Release|Any CPU
		{913ADFDE-AB17-4F27-9FBE-ED41D6DF19CF}.Release|Any CPU.Build.0 = Release|Any CPU
		{83C9EB6D-83D8-468C-B7F5-4F598B3A8B1C}.Debug|Any CPU.ActiveCfg = Debug|Any CPU
		{83C9EB6D-83D8-468C-B7F5-4F598B3A8B1C}.Debug|Any CPU.Build.0 = Debug|Any CPU
		{83C9EB6D-83D8-468C-B7F5-4F598B3A8B1C}.Release|Any CPU.ActiveCfg = Release|Any CPU
		{83C9EB6D-83D8-468C-B7F5-4F598B3A8B1C}.Release|Any CPU.Build.0 = Release|Any CPU
	EndGlobalSection
	GlobalSection(SolutionProperties) = preSolution
		HideSolutionNode = FALSE
	EndGlobalSection
	GlobalSection(NestedProjects) = preSolution
		{E69D2FD8-F919-4252-A84E-270748092B90} = {5F8BC77D-E0BB-4776-BA30-81D47679382F}
		{F9D710C1-1F70-40A3-ABD3-D62A3BB61B48} = {E69D2FD8-F919-4252-A84E-270748092B90}
		{73B0F8F3-B509-45D9-8280-5DADDA0DCC0E} = {5F8BC77D-E0BB-4776-BA30-81D47679382F}
		{8323D831-5C62-4E2A-82D3-EDD7B56381D0} = {73B0F8F3-B509-45D9-8280-5DADDA0DCC0E}
		{1DFF0C69-5237-4B48-9A32-D0F261B095BB} = {5F8BC77D-E0BB-4776-BA30-81D47679382F}
		{5D45A2B8-D518-4EFC-91D9-F73304F449C7} = {1DFF0C69-5237-4B48-9A32-D0F261B095BB}
		{70B18AD4-4275-4B78-BC49-67607D012C59} = {5F8BC77D-E0BB-4776-BA30-81D47679382F}
		{C35096FD-407D-4732-AF71-1E5A50D46CE8} = {70B18AD4-4275-4B78-BC49-67607D012C59}
		{6CEA128A-DC4D-4F2A-B395-1BF5D754B62D} = {FE2DE525-0530-411F-B0C5-A895D15C5F69}
		{1B3E4CD9-1CB8-4021-8B2A-05D402F893ED} = {FE2DE525-0530-411F-B0C5-A895D15C5F69}
		{913ADFDE-AB17-4F27-9FBE-ED41D6DF19CF} = {1B3E4CD9-1CB8-4021-8B2A-05D402F893ED}
		{DC020EA8-D979-4C30-8D86-A09A5E5ACBF2} = {FE2DE525-0530-411F-B0C5-A895D15C5F69}
		{83C9EB6D-83D8-468C-B7F5-4F598B3A8B1C} = {DC020EA8-D979-4C30-8D86-A09A5E5ACBF2}
	EndGlobalSection
EndGlobal
